// !$*UTF8*$!
{
	archiveVersion = 1;
	classes = {
	};
	objectVersion = 55;
	objects = {

/* Begin PBXBuildFile section */
		1CA6F0F62886A98D0028C00D /* test_firestoreApp.swift in Sources */ = {isa = PBXBuildFile; fileRef = 1CA6F0F52886A98D0028C00D /* test_firestoreApp.swift */; };
		1CA6F0F82886A98D0028C00D /* ContentView.swift in Sources */ = {isa = PBXBuildFile; fileRef = 1CA6F0F72886A98D0028C00D /* ContentView.swift */; };
		1CA6F0FA2886A98F0028C00D /* Assets.xcassets in Resources */ = {isa = PBXBuildFile; fileRef = 1CA6F0F92886A98F0028C00D /* Assets.xcassets */; };
		1CA6F0FD2886A98F0028C00D /* Preview Assets.xcassets in Resources */ = {isa = PBXBuildFile; fileRef = 1CA6F0FC2886A98F0028C00D /* Preview Assets.xcassets */; };
		1CA6F1042886B97A0028C00D /* GoogleService-Info.plist in Resources */ = {isa = PBXBuildFile; fileRef = 1CA6F1032886B97A0028C00D /* GoogleService-Info.plist */; };
		1CA6F1072886B9FE0028C00D /* FirebaseAuth in Frameworks */ = {isa = PBXBuildFile; productRef = 1CA6F1062886B9FE0028C00D /* FirebaseAuth */; };
		1CA6F1092886B9FE0028C00D /* FirebaseAuthCombine-Community in Frameworks */ = {isa = PBXBuildFile; productRef = 1CA6F1082886B9FE0028C00D /* FirebaseAuthCombine-Community */; };
		1CA6F10B2886B9FE0028C00D /* FirebaseCrashlytics in Frameworks */ = {isa = PBXBuildFile; productRef = 1CA6F10A2886B9FE0028C00D /* FirebaseCrashlytics */; };
		1CA6F10D2886B9FE0028C00D /* FirebaseDatabase in Frameworks */ = {isa = PBXBuildFile; productRef = 1CA6F10C2886B9FE0028C00D /* FirebaseDatabase */; };
		1CA6F10F2886B9FE0028C00D /* FirebaseDatabaseSwift in Frameworks */ = {isa = PBXBuildFile; productRef = 1CA6F10E2886B9FE0028C00D /* FirebaseDatabaseSwift */; };
		1CA6F1112886B9FE0028C00D /* FirebaseFirestore in Frameworks */ = {isa = PBXBuildFile; productRef = 1CA6F1102886B9FE0028C00D /* FirebaseFirestore */; };
		1CA6F1132886B9FE0028C00D /* FirebaseFirestoreCombine-Community in Frameworks */ = {isa = PBXBuildFile; productRef = 1CA6F1122886B9FE0028C00D /* FirebaseFirestoreCombine-Community */; };
		1CA6F1152886B9FE0028C00D /* FirebaseFirestoreSwift in Frameworks */ = {isa = PBXBuildFile; productRef = 1CA6F1142886B9FE0028C00D /* FirebaseFirestoreSwift */; };
		1CA6F1172886B9FE0028C00D /* FirebaseFunctions in Frameworks */ = {isa = PBXBuildFile; productRef = 1CA6F1162886B9FE0028C00D /* FirebaseFunctions */; };
		1CA6F1192886B9FE0028C00D /* FirebaseFunctionsCombine-Community in Frameworks */ = {isa = PBXBuildFile; productRef = 1CA6F1182886B9FE0028C00D /* FirebaseFunctionsCombine-Community */; };
		1CA6F11B2886B9FE0028C00D /* FirebaseRemoteConfig in Frameworks */ = {isa = PBXBuildFile; productRef = 1CA6F11A2886B9FE0028C00D /* FirebaseRemoteConfig */; };
		1CA6F11D2886B9FE0028C00D /* FirebaseRemoteConfigSwift in Frameworks */ = {isa = PBXBuildFile; productRef = 1CA6F11C2886B9FE0028C00D /* FirebaseRemoteConfigSwift */; };
		1CA6F11F2886B9FE0028C00D /* FirebaseStorage in Frameworks */ = {isa = PBXBuildFile; productRef = 1CA6F11E2886B9FE0028C00D /* FirebaseStorage */; };
		1CA6F1212886B9FE0028C00D /* FirebaseStorageCombine-Community in Frameworks */ = {isa = PBXBuildFile; productRef = 1CA6F1202886B9FE0028C00D /* FirebaseStorageCombine-Community */; };
		1CA6F1232886BA7C0028C00D /* ContentModel.swift in Sources */ = {isa = PBXBuildFile; fileRef = 1CA6F1222886BA7C0028C00D /* ContentModel.swift */; };
		1CA6F1252888250F0028C00D /* HostView.swift in Sources */ = {isa = PBXBuildFile; fileRef = 1CA6F1242888250F0028C00D /* HostView.swift */; };
		1CA6F127288825210028C00D /* ClientView.swift in Sources */ = {isa = PBXBuildFile; fileRef = 1CA6F126288825200028C00D /* ClientView.swift */; };
		1CA6F1292888252F0028C00D /* ClientModel.swift in Sources */ = {isa = PBXBuildFile; fileRef = 1CA6F1282888252F0028C00D /* ClientModel.swift */; };
		1CA6F12B288825370028C00D /* HostModel.swift in Sources */ = {isa = PBXBuildFile; fileRef = 1CA6F12A288825370028C00D /* HostModel.swift */; };
		2973E65D288AC7740090278E /* OnboardingView.swift in Sources */ = {isa = PBXBuildFile; fileRef = 2973E65C288AC7740090278E /* OnboardingView.swift */; };
/* End PBXBuildFile section */

/* Begin PBXFileReference section */
		1CA6F0F22886A98D0028C00D /* test-firestore.app */ = {isa = PBXFileReference; explicitFileType = wrapper.application; includeInIndex = 0; path = "test-firestore.app"; sourceTree = BUILT_PRODUCTS_DIR; };
		1CA6F0F52886A98D0028C00D /* test_firestoreApp.swift */ = {isa = PBXFileReference; lastKnownFileType = sourcecode.swift; path = test_firestoreApp.swift; sourceTree = "<group>"; };
		1CA6F0F72886A98D0028C00D /* ContentView.swift */ = {isa = PBXFileReference; lastKnownFileType = sourcecode.swift; path = ContentView.swift; sourceTree = "<group>"; };
		1CA6F0F92886A98F0028C00D /* Assets.xcassets */ = {isa = PBXFileReference; lastKnownFileType = folder.assetcatalog; path = Assets.xcassets; sourceTree = "<group>"; };
		1CA6F0FC2886A98F0028C00D /* Preview Assets.xcassets */ = {isa = PBXFileReference; lastKnownFileType = folder.assetcatalog; path = "Preview Assets.xcassets"; sourceTree = "<group>"; };
		1CA6F1032886B97A0028C00D /* GoogleService-Info.plist */ = {isa = PBXFileReference; fileEncoding = 4; lastKnownFileType = text.plist.xml; path = "GoogleService-Info.plist"; sourceTree = "<group>"; };
		1CA6F1222886BA7C0028C00D /* ContentModel.swift */ = {isa = PBXFileReference; lastKnownFileType = sourcecode.swift; path = ContentModel.swift; sourceTree = "<group>"; };
		1CA6F1242888250F0028C00D /* HostView.swift */ = {isa = PBXFileReference; lastKnownFileType = sourcecode.swift; path = HostView.swift; sourceTree = "<group>"; };
		1CA6F126288825200028C00D /* ClientView.swift */ = {isa = PBXFileReference; lastKnownFileType = sourcecode.swift; path = ClientView.swift; sourceTree = "<group>"; };
		1CA6F1282888252F0028C00D /* ClientModel.swift */ = {isa = PBXFileReference; lastKnownFileType = sourcecode.swift; path = ClientModel.swift; sourceTree = "<group>"; };
		1CA6F12A288825370028C00D /* HostModel.swift */ = {isa = PBXFileReference; lastKnownFileType = sourcecode.swift; path = HostModel.swift; sourceTree = "<group>"; };
		2973E65C288AC7740090278E /* OnboardingView.swift */ = {isa = PBXFileReference; lastKnownFileType = sourcecode.swift; path = OnboardingView.swift; sourceTree = "<group>"; };
/* End PBXFileReference section */

/* Begin PBXFrameworksBuildPhase section */
		1CA6F0EF2886A98D0028C00D /* Frameworks */ = {
			isa = PBXFrameworksBuildPhase;
			buildActionMask = 2147483647;
			files = (
				1CA6F11B2886B9FE0028C00D /* FirebaseRemoteConfig in Frameworks */,
				1CA6F10F2886B9FE0028C00D /* FirebaseDatabaseSwift in Frameworks */,
				1CA6F10B2886B9FE0028C00D /* FirebaseCrashlytics in Frameworks */,
				1CA6F1072886B9FE0028C00D /* FirebaseAuth in Frameworks */,
				1CA6F1192886B9FE0028C00D /* FirebaseFunctionsCombine-Community in Frameworks */,
				1CA6F1172886B9FE0028C00D /* FirebaseFunctions in Frameworks */,
				1CA6F10D2886B9FE0028C00D /* FirebaseDatabase in Frameworks */,
				1CA6F1092886B9FE0028C00D /* FirebaseAuthCombine-Community in Frameworks */,
				1CA6F1212886B9FE0028C00D /* FirebaseStorageCombine-Community in Frameworks */,
				1CA6F11F2886B9FE0028C00D /* FirebaseStorage in Frameworks */,
				1CA6F1112886B9FE0028C00D /* FirebaseFirestore in Frameworks */,
				1CA6F11D2886B9FE0028C00D /* FirebaseRemoteConfigSwift in Frameworks */,
				1CA6F1132886B9FE0028C00D /* FirebaseFirestoreCombine-Community in Frameworks */,
				1CA6F1152886B9FE0028C00D /* FirebaseFirestoreSwift in Frameworks */,
			);
			runOnlyForDeploymentPostprocessing = 0;
		};
/* End PBXFrameworksBuildPhase section */

/* Begin PBXGroup section */
		1CA6F0E92886A98D0028C00D = {
			isa = PBXGroup;
			children = (
				1CA6F0F42886A98D0028C00D /* test-firestore */,
				1CA6F0F32886A98D0028C00D /* Products */,
			);
			sourceTree = "<group>";
		};
		1CA6F0F32886A98D0028C00D /* Products */ = {
			isa = PBXGroup;
			children = (
				1CA6F0F22886A98D0028C00D /* test-firestore.app */,
			);
			name = Products;
			sourceTree = "<group>";
		};
		1CA6F0F42886A98D0028C00D /* test-firestore */ = {
			isa = PBXGroup;
			children = (
				1CA6F1032886B97A0028C00D /* GoogleService-Info.plist */,
				1CA6F0F52886A98D0028C00D /* test_firestoreApp.swift */,
				1CA6F0F72886A98D0028C00D /* ContentView.swift */,
				1CA6F1242888250F0028C00D /* HostView.swift */,
				1CA6F126288825200028C00D /* ClientView.swift */,
				1CA6F1282888252F0028C00D /* ClientModel.swift */,
				1CA6F12A288825370028C00D /* HostModel.swift */,
				1CA6F1222886BA7C0028C00D /* ContentModel.swift */,
				2973E65C288AC7740090278E /* OnboardingView.swift */,
				1CA6F0F92886A98F0028C00D /* Assets.xcassets */,
				1CA6F0FB2886A98F0028C00D /* Preview Content */,
			);
			path = "test-firestore";
			sourceTree = "<group>";
		};
		1CA6F0FB2886A98F0028C00D /* Preview Content */ = {
			isa = PBXGroup;
			children = (
				1CA6F0FC2886A98F0028C00D /* Preview Assets.xcassets */,
			);
			path = "Preview Content";
			sourceTree = "<group>";
		};
/* End PBXGroup section */

/* Begin PBXNativeTarget section */
		1CA6F0F12886A98D0028C00D /* test-firestore */ = {
			isa = PBXNativeTarget;
			buildConfigurationList = 1CA6F1002886A98F0028C00D /* Build configuration list for PBXNativeTarget "test-firestore" */;
			buildPhases = (
				1CA6F0EE2886A98D0028C00D /* Sources */,
				1CA6F0EF2886A98D0028C00D /* Frameworks */,
				1CA6F0F02886A98D0028C00D /* Resources */,
			);
			buildRules = (
			);
			dependencies = (
			);
			name = "test-firestore";
			packageProductDependencies = (
				1CA6F1062886B9FE0028C00D /* FirebaseAuth */,
				1CA6F1082886B9FE0028C00D /* FirebaseAuthCombine-Community */,
				1CA6F10A2886B9FE0028C00D /* FirebaseCrashlytics */,
				1CA6F10C2886B9FE0028C00D /* FirebaseDatabase */,
				1CA6F10E2886B9FE0028C00D /* FirebaseDatabaseSwift */,
				1CA6F1102886B9FE0028C00D /* FirebaseFirestore */,
				1CA6F1122886B9FE0028C00D /* FirebaseFirestoreCombine-Community */,
				1CA6F1142886B9FE0028C00D /* FirebaseFirestoreSwift */,
				1CA6F1162886B9FE0028C00D /* FirebaseFunctions */,
				1CA6F1182886B9FE0028C00D /* FirebaseFunctionsCombine-Community */,
				1CA6F11A2886B9FE0028C00D /* FirebaseRemoteConfig */,
				1CA6F11C2886B9FE0028C00D /* FirebaseRemoteConfigSwift */,
				1CA6F11E2886B9FE0028C00D /* FirebaseStorage */,
				1CA6F1202886B9FE0028C00D /* FirebaseStorageCombine-Community */,
			);
			productName = "test-firestore";
			productReference = 1CA6F0F22886A98D0028C00D /* test-firestore.app */;
			productType = "com.apple.product-type.application";
		};
/* End PBXNativeTarget section */

/* Begin PBXProject section */
		1CA6F0EA2886A98D0028C00D /* Project object */ = {
			isa = PBXProject;
			attributes = {
				BuildIndependentTargetsInParallel = 1;
				LastSwiftUpdateCheck = 1340;
				LastUpgradeCheck = 1340;
				TargetAttributes = {
					1CA6F0F12886A98D0028C00D = {
						CreatedOnToolsVersion = 13.4.1;
					};
				};
			};
			buildConfigurationList = 1CA6F0ED2886A98D0028C00D /* Build configuration list for PBXProject "test-firestore" */;
			compatibilityVersion = "Xcode 13.0";
			developmentRegion = en;
			hasScannedForEncodings = 0;
			knownRegions = (
				en,
				Base,
			);
			mainGroup = 1CA6F0E92886A98D0028C00D;
			packageReferences = (
				1CA6F1052886B9FE0028C00D /* XCRemoteSwiftPackageReference "firebase-ios-sdk" */,
			);
			productRefGroup = 1CA6F0F32886A98D0028C00D /* Products */;
			projectDirPath = "";
			projectRoot = "";
			targets = (
				1CA6F0F12886A98D0028C00D /* test-firestore */,
			);
		};
/* End PBXProject section */

/* Begin PBXResourcesBuildPhase section */
		1CA6F0F02886A98D0028C00D /* Resources */ = {
			isa = PBXResourcesBuildPhase;
			buildActionMask = 2147483647;
			files = (
				1CA6F0FD2886A98F0028C00D /* Preview Assets.xcassets in Resources */,
				1CA6F0FA2886A98F0028C00D /* Assets.xcassets in Resources */,
				1CA6F1042886B97A0028C00D /* GoogleService-Info.plist in Resources */,
			);
			runOnlyForDeploymentPostprocessing = 0;
		};
/* End PBXResourcesBuildPhase section */

/* Begin PBXSourcesBuildPhase section */
		1CA6F0EE2886A98D0028C00D /* Sources */ = {
			isa = PBXSourcesBuildPhase;
			buildActionMask = 2147483647;
			files = (
				1CA6F0F82886A98D0028C00D /* ContentView.swift in Sources */,
				1CA6F12B288825370028C00D /* HostModel.swift in Sources */,
				1CA6F127288825210028C00D /* ClientView.swift in Sources */,
				1CA6F0F62886A98D0028C00D /* test_firestoreApp.swift in Sources */,
				1CA6F1252888250F0028C00D /* HostView.swift in Sources */,
				2973E65D288AC7740090278E /* OnboardingView.swift in Sources */,
				1CA6F1292888252F0028C00D /* ClientModel.swift in Sources */,
				1CA6F1232886BA7C0028C00D /* ContentModel.swift in Sources */,
			);
			runOnlyForDeploymentPostprocessing = 0;
		};
/* End PBXSourcesBuildPhase section */

/* Begin XCBuildConfiguration section */
		1CA6F0FE2886A98F0028C00D /* Debug */ = {
			isa = XCBuildConfiguration;
			buildSettings = {
				ALWAYS_SEARCH_USER_PATHS = NO;
				CLANG_ANALYZER_NONNULL = YES;
				CLANG_ANALYZER_NUMBER_OBJECT_CONVERSION = YES_AGGRESSIVE;
				CLANG_CXX_LANGUAGE_STANDARD = "gnu++17";
				CLANG_ENABLE_MODULES = YES;
				CLANG_ENABLE_OBJC_ARC = YES;
				CLANG_ENABLE_OBJC_WEAK = YES;
				CLANG_WARN_BLOCK_CAPTURE_AUTORELEASING = YES;
				CLANG_WARN_BOOL_CONVERSION = YES;
				CLANG_WARN_COMMA = YES;
				CLANG_WARN_CONSTANT_CONVERSION = YES;
				CLANG_WARN_DEPRECATED_OBJC_IMPLEMENTATIONS = YES;
				CLANG_WARN_DIRECT_OBJC_ISA_USAGE = YES_ERROR;
				CLANG_WARN_DOCUMENTATION_COMMENTS = YES;
				CLANG_WARN_EMPTY_BODY = YES;
				CLANG_WARN_ENUM_CONVERSION = YES;
				CLANG_WARN_INFINITE_RECURSION = YES;
				CLANG_WARN_INT_CONVERSION = YES;
				CLANG_WARN_NON_LITERAL_NULL_CONVERSION = YES;
				CLANG_WARN_OBJC_IMPLICIT_RETAIN_SELF = YES;
				CLANG_WARN_OBJC_LITERAL_CONVERSION = YES;
				CLANG_WARN_OBJC_ROOT_CLASS = YES_ERROR;
				CLANG_WARN_QUOTED_INCLUDE_IN_FRAMEWORK_HEADER = YES;
				CLANG_WARN_RANGE_LOOP_ANALYSIS = YES;
				CLANG_WARN_STRICT_PROTOTYPES = YES;
				CLANG_WARN_SUSPICIOUS_MOVE = YES;
				CLANG_WARN_UNGUARDED_AVAILABILITY = YES_AGGRESSIVE;
				CLANG_WARN_UNREACHABLE_CODE = YES;
				CLANG_WARN__DUPLICATE_METHOD_MATCH = YES;
				COPY_PHASE_STRIP = NO;
				DEBUG_INFORMATION_FORMAT = dwarf;
				ENABLE_STRICT_OBJC_MSGSEND = YES;
				ENABLE_TESTABILITY = YES;
				GCC_C_LANGUAGE_STANDARD = gnu11;
				GCC_DYNAMIC_NO_PIC = NO;
				GCC_NO_COMMON_BLOCKS = YES;
				GCC_OPTIMIZATION_LEVEL = 0;
				GCC_PREPROCESSOR_DEFINITIONS = (
					"DEBUG=1",
					"$(inherited)",
				);
				GCC_WARN_64_TO_32_BIT_CONVERSION = YES;
				GCC_WARN_ABOUT_RETURN_TYPE = YES_ERROR;
				GCC_WARN_UNDECLARED_SELECTOR = YES;
				GCC_WARN_UNINITIALIZED_AUTOS = YES_AGGRESSIVE;
				GCC_WARN_UNUSED_FUNCTION = YES;
				GCC_WARN_UNUSED_VARIABLE = YES;
				IPHONEOS_DEPLOYMENT_TARGET = 15.5;
				MTL_ENABLE_DEBUG_INFO = INCLUDE_SOURCE;
				MTL_FAST_MATH = YES;
				ONLY_ACTIVE_ARCH = YES;
				SDKROOT = iphoneos;
				SWIFT_ACTIVE_COMPILATION_CONDITIONS = DEBUG;
				SWIFT_OPTIMIZATION_LEVEL = "-Onone";
			};
			name = Debug;
		};
		1CA6F0FF2886A98F0028C00D /* Release */ = {
			isa = XCBuildConfiguration;
			buildSettings = {
				ALWAYS_SEARCH_USER_PATHS = NO;
				CLANG_ANALYZER_NONNULL = YES;
				CLANG_ANALYZER_NUMBER_OBJECT_CONVERSION = YES_AGGRESSIVE;
				CLANG_CXX_LANGUAGE_STANDARD = "gnu++17";
				CLANG_ENABLE_MODULES = YES;
				CLANG_ENABLE_OBJC_ARC = YES;
				CLANG_ENABLE_OBJC_WEAK = YES;
				CLANG_WARN_BLOCK_CAPTURE_AUTORELEASING = YES;
				CLANG_WARN_BOOL_CONVERSION = YES;
				CLANG_WARN_COMMA = YES;
				CLANG_WARN_CONSTANT_CONVERSION = YES;
				CLANG_WARN_DEPRECATED_OBJC_IMPLEMENTATIONS = YES;
				CLANG_WARN_DIRECT_OBJC_ISA_USAGE = YES_ERROR;
				CLANG_WARN_DOCUMENTATION_COMMENTS = YES;
				CLANG_WARN_EMPTY_BODY = YES;
				CLANG_WARN_ENUM_CONVERSION = YES;
				CLANG_WARN_INFINITE_RECURSION = YES;
				CLANG_WARN_INT_CONVERSION = YES;
				CLANG_WARN_NON_LITERAL_NULL_CONVERSION = YES;
				CLANG_WARN_OBJC_IMPLICIT_RETAIN_SELF = YES;
				CLANG_WARN_OBJC_LITERAL_CONVERSION = YES;
				CLANG_WARN_OBJC_ROOT_CLASS = YES_ERROR;
				CLANG_WARN_QUOTED_INCLUDE_IN_FRAMEWORK_HEADER = YES;
				CLANG_WARN_RANGE_LOOP_ANALYSIS = YES;
				CLANG_WARN_STRICT_PROTOTYPES = YES;
				CLANG_WARN_SUSPICIOUS_MOVE = YES;
				CLANG_WARN_UNGUARDED_AVAILABILITY = YES_AGGRESSIVE;
				CLANG_WARN_UNREACHABLE_CODE = YES;
				CLANG_WARN__DUPLICATE_METHOD_MATCH = YES;
				COPY_PHASE_STRIP = NO;
				DEBUG_INFORMATION_FORMAT = "dwarf-with-dsym";
				ENABLE_NS_ASSERTIONS = NO;
				ENABLE_STRICT_OBJC_MSGSEND = YES;
				GCC_C_LANGUAGE_STANDARD = gnu11;
				GCC_NO_COMMON_BLOCKS = YES;
				GCC_WARN_64_TO_32_BIT_CONVERSION = YES;
				GCC_WARN_ABOUT_RETURN_TYPE = YES_ERROR;
				GCC_WARN_UNDECLARED_SELECTOR = YES;
				GCC_WARN_UNINITIALIZED_AUTOS = YES_AGGRESSIVE;
				GCC_WARN_UNUSED_FUNCTION = YES;
				GCC_WARN_UNUSED_VARIABLE = YES;
				IPHONEOS_DEPLOYMENT_TARGET = 15.5;
				MTL_ENABLE_DEBUG_INFO = NO;
				MTL_FAST_MATH = YES;
				SDKROOT = iphoneos;
				SWIFT_COMPILATION_MODE = wholemodule;
				SWIFT_OPTIMIZATION_LEVEL = "-O";
				VALIDATE_PRODUCT = YES;
			};
			name = Release;
		};
		1CA6F1012886A98F0028C00D /* Debug */ = {
			isa = XCBuildConfiguration;
			buildSettings = {
				ASSETCATALOG_COMPILER_APPICON_NAME = AppIcon;
				ASSETCATALOG_COMPILER_GLOBAL_ACCENT_COLOR_NAME = AccentColor;
				CODE_SIGN_STYLE = Automatic;
				CURRENT_PROJECT_VERSION = 1;
				DEVELOPMENT_ASSET_PATHS = "\"test-firestore/Preview Content\"";
				DEVELOPMENT_TEAM = 3NK4L6MY86;
				ENABLE_PREVIEWS = YES;
				GENERATE_INFOPLIST_FILE = YES;
				INFOPLIST_KEY_UIApplicationSceneManifest_Generation = YES;
				INFOPLIST_KEY_UIApplicationSupportsIndirectInputEvents = YES;
				INFOPLIST_KEY_UILaunchScreen_Generation = YES;
				INFOPLIST_KEY_UISupportedInterfaceOrientations_iPad = "UIInterfaceOrientationPortrait UIInterfaceOrientationPortraitUpsideDown UIInterfaceOrientationLandscapeLeft UIInterfaceOrientationLandscapeRight";
				INFOPLIST_KEY_UISupportedInterfaceOrientations_iPhone = "UIInterfaceOrientationPortrait UIInterfaceOrientationLandscapeLeft UIInterfaceOrientationLandscapeRight";
				IPHONEOS_DEPLOYMENT_TARGET = 15.2;
				LD_RUNPATH_SEARCH_PATHS = (
					"$(inherited)",
					"@executable_path/Frameworks",
				);
				MARKETING_VERSION = 1.0;
				PRODUCT_BUNDLE_IDENTIFIER = "com.itechart.test-firestore";
				PRODUCT_NAME = "$(TARGET_NAME)";
				SWIFT_EMIT_LOC_STRINGS = YES;
				SWIFT_VERSION = 5.0;
				TARGETED_DEVICE_FAMILY = "1,2";
			};
			name = Debug;
		};
		1CA6F1022886A98F0028C00D /* Release */ = {
			isa = XCBuildConfiguration;
			buildSettings = {
				ASSETCATALOG_COMPILER_APPICON_NAME = AppIcon;
				ASSETCATALOG_COMPILER_GLOBAL_ACCENT_COLOR_NAME = AccentColor;
				CODE_SIGN_STYLE = Automatic;
				CURRENT_PROJECT_VERSION = 1;
				DEVELOPMENT_ASSET_PATHS = "\"test-firestore/Preview Content\"";
				DEVELOPMENT_TEAM = 3NK4L6MY86;
				ENABLE_PREVIEWS = YES;
				GENERATE_INFOPLIST_FILE = YES;
				INFOPLIST_KEY_UIApplicationSceneManifest_Generation = YES;
				INFOPLIST_KEY_UIApplicationSupportsIndirectInputEvents = YES;
				INFOPLIST_KEY_UILaunchScreen_Generation = YES;
				INFOPLIST_KEY_UISupportedInterfaceOrientations_iPad = "UIInterfaceOrientationPortrait UIInterfaceOrientationPortraitUpsideDown UIInterfaceOrientationLandscapeLeft UIInterfaceOrientationLandscapeRight";
				INFOPLIST_KEY_UISupportedInterfaceOrientations_iPhone = "UIInterfaceOrientationPortrait UIInterfaceOrientationLandscapeLeft UIInterfaceOrientationLandscapeRight";
				IPHONEOS_DEPLOYMENT_TARGET = 15.2;
				LD_RUNPATH_SEARCH_PATHS = (
					"$(inherited)",
					"@executable_path/Frameworks",
				);
				MARKETING_VERSION = 1.0;
				PRODUCT_BUNDLE_IDENTIFIER = "com.itechart.test-firestore";
				PRODUCT_NAME = "$(TARGET_NAME)";
				SWIFT_EMIT_LOC_STRINGS = YES;
				SWIFT_VERSION = 5.0;
				TARGETED_DEVICE_FAMILY = "1,2";
			};
			name = Release;
		};
/* End XCBuildConfiguration section */

/* Begin XCConfigurationList section */
		1CA6F0ED2886A98D0028C00D /* Build configuration list for PBXProject "test-firestore" */ = {
			isa = XCConfigurationList;
			buildConfigurations = (
				1CA6F0FE2886A98F0028C00D /* Debug */,
				1CA6F0FF2886A98F0028C00D /* Release */,
			);
			defaultConfigurationIsVisible = 0;
			defaultConfigurationName = Release;
		};
		1CA6F1002886A98F0028C00D /* Build configuration list for PBXNativeTarget "test-firestore" */ = {
			isa = XCConfigurationList;
			buildConfigurations = (
				1CA6F1012886A98F0028C00D /* Debug */,
				1CA6F1022886A98F0028C00D /* Release */,
			);
			defaultConfigurationIsVisible = 0;
			defaultConfigurationName = Release;
		};
/* End XCConfigurationList section */

/* Begin XCRemoteSwiftPackageReference section */
		1CA6F1052886B9FE0028C00D /* XCRemoteSwiftPackageReference "firebase-ios-sdk" */ = {
			isa = XCRemoteSwiftPackageReference;
			repositoryURL = "https://github.com/firebase/firebase-ios-sdk";
			requirement = {
				kind = upToNextMajorVersion;
				minimumVersion = 9.3.0;
			};
		};
/* End XCRemoteSwiftPackageReference section */

/* Begin XCSwiftPackageProductDependency section */
		1CA6F1062886B9FE0028C00D /* FirebaseAuth */ = {
			isa = XCSwiftPackageProductDependency;
			package = 1CA6F1052886B9FE0028C00D /* XCRemoteSwiftPackageReference "firebase-ios-sdk" */;
			productName = FirebaseAuth;
		};
		1CA6F1082886B9FE0028C00D /* FirebaseAuthCombine-Community */ = {
			isa = XCSwiftPackageProductDependency;
			package = 1CA6F1052886B9FE0028C00D /* XCRemoteSwiftPackageReference "firebase-ios-sdk" */;
			productName = "FirebaseAuthCombine-Community";
		};
		1CA6F10A2886B9FE0028C00D /* FirebaseCrashlytics */ = {
			isa = XCSwiftPackageProductDependency;
			package = 1CA6F1052886B9FE0028C00D /* XCRemoteSwiftPackageReference "firebase-ios-sdk" */;
			productName = FirebaseCrashlytics;
		};
		1CA6F10C2886B9FE0028C00D /* FirebaseDatabase */ = {
			isa = XCSwiftPackageProductDependency;
			package = 1CA6F1052886B9FE0028C00D /* XCRemoteSwiftPackageReference "firebase-ios-sdk" */;
			productName = FirebaseDatabase;
		};
		1CA6F10E2886B9FE0028C00D /* FirebaseDatabaseSwift */ = {
			isa = XCSwiftPackageProductDependency;
			package = 1CA6F1052886B9FE0028C00D /* XCRemoteSwiftPackageReference "firebase-ios-sdk" */;
			productName = FirebaseDatabaseSwift;
		};
		1CA6F1102886B9FE0028C00D /* FirebaseFirestore */ = {
			isa = XCSwiftPackageProductDependency;
			package = 1CA6F1052886B9FE0028C00D /* XCRemoteSwiftPackageReference "firebase-ios-sdk" */;
			productName = FirebaseFirestore;
		};
		1CA6F1122886B9FE0028C00D /* FirebaseFirestoreCombine-Community */ = {
			isa = XCSwiftPackageProductDependency;
			package = 1CA6F1052886B9FE0028C00D /* XCRemoteSwiftPackageReference "firebase-ios-sdk" */;
			productName = "FirebaseFirestoreCombine-Community";
		};
		1CA6F1142886B9FE0028C00D /* FirebaseFirestoreSwift */ = {
			isa = XCSwiftPackageProductDependency;
			package = 1CA6F1052886B9FE0028C00D /* XCRemoteSwiftPackageReference "firebase-ios-sdk" */;
			productName = FirebaseFirestoreSwift;
		};
		1CA6F1162886B9FE0028C00D /* FirebaseFunctions */ = {
			isa = XCSwiftPackageProductDependency;
			package = 1CA6F1052886B9FE0028C00D /* XCRemoteSwiftPackageReference "firebase-ios-sdk" */;
			productName = FirebaseFunctions;
		};
		1CA6F1182886B9FE0028C00D /* FirebaseFunctionsCombine-Community */ = {
			isa = XCSwiftPackageProductDependency;
			package = 1CA6F1052886B9FE0028C00D /* XCRemoteSwiftPackageReference "firebase-ios-sdk" */;
			productName = "FirebaseFunctionsCombine-Community";
		};
		1CA6F11A2886B9FE0028C00D /* FirebaseRemoteConfig */ = {
			isa = XCSwiftPackageProductDependency;
			package = 1CA6F1052886B9FE0028C00D /* XCRemoteSwiftPackageReference "firebase-ios-sdk" */;
			productName = FirebaseRemoteConfig;
		};
		1CA6F11C2886B9FE0028C00D /* FirebaseRemoteConfigSwift */ = {
			isa = XCSwiftPackageProductDependency;
			package = 1CA6F1052886B9FE0028C00D /* XCRemoteSwiftPackageReference "firebase-ios-sdk" */;
			productName = FirebaseRemoteConfigSwift;
		};
		1CA6F11E2886B9FE0028C00D /* FirebaseStorage */ = {
			isa = XCSwiftPackageProductDependency;
			package = 1CA6F1052886B9FE0028C00D /* XCRemoteSwiftPackageReference "firebase-ios-sdk" */;
			productName = FirebaseStorage;
		};
		1CA6F1202886B9FE0028C00D /* FirebaseStorageCombine-Community */ = {
			isa = XCSwiftPackageProductDependency;
			package = 1CA6F1052886B9FE0028C00D /* XCRemoteSwiftPackageReference "firebase-ios-sdk" */;
			productName = "FirebaseStorageCombine-Community";
		};
/* End XCSwiftPackageProductDependency section */
	};
	rootObject = 1CA6F0EA2886A98D0028C00D /* Project object */;
}
